// !$*UTF8*$!
{
	archiveVersion = 1;
	classes = {
	};
	objectVersion = 52;
	objects = {

/* Begin PBXBuildFile section */
		3101C19025C561D90037B0A6 /* PostsVC.swift in Sources */ = {isa = PBXBuildFile; fileRef = 3101C18F25C561D90037B0A6 /* PostsVC.swift */; };
		3107828C25BB716300FFBD7F /* Formatters.swift in Sources */ = {isa = PBXBuildFile; fileRef = 3107828B25BB716300FFBD7F /* Formatters.swift */; };
		310E853225603BB20014C5EF /* MyProfileVC.swift in Sources */ = {isa = PBXBuildFile; fileRef = 310E853125603BB20014C5EF /* MyProfileVC.swift */; };
		3122CDC12556DE8C00253485 /* RootTabBarController.swift in Sources */ = {isa = PBXBuildFile; fileRef = 3122CDC02556DE8C00253485 /* RootTabBarController.swift */; };
		3122CDCA2556E14B00253485 /* PersistenceManager.swift in Sources */ = {isa = PBXBuildFile; fileRef = 3122CDC92556E14B00253485 /* PersistenceManager.swift */; };
		3129C701258E29320050DEDD /* NetworkManager.swift in Sources */ = {isa = PBXBuildFile; fileRef = 3129C700258E29320050DEDD /* NetworkManager.swift */; };
		312AE5562550CF4F00B97164 /* FriendsVC.swift in Sources */ = {isa = PBXBuildFile; fileRef = 312AE5552550CF4F00B97164 /* FriendsVC.swift */; };
		312CAA2325D7B541009FDB44 /* GetNewsfeedOp.swift in Sources */ = {isa = PBXBuildFile; fileRef = 312CAA2225D7B541009FDB44 /* GetNewsfeedOp.swift */; };
		3133EFB625540C9400B85844 /* LikeButton.swift in Sources */ = {isa = PBXBuildFile; fileRef = 3133EFB525540C9400B85844 /* LikeButton.swift */; };
		314227882595EB8800E4829C /* MyImageView.swift in Sources */ = {isa = PBXBuildFile; fileRef = 314227872595EB8800E4829C /* MyImageView.swift */; };
		3149C005255AE3E400212299 /* GradientView.swift in Sources */ = {isa = PBXBuildFile; fileRef = 3149C004255AE3E400212299 /* GradientView.swift */; };
		314FBDB525729E8800DA5E57 /* UIKit+Ext.swift in Sources */ = {isa = PBXBuildFile; fileRef = 314FBDB325729E8800DA5E57 /* UIKit+Ext.swift */; };
		314FBDB625729E8800DA5E57 /* Swift+Ext.swift in Sources */ = {isa = PBXBuildFile; fileRef = 314FBDB425729E8800DA5E57 /* Swift+Ext.swift */; };
		3151A364254C5FC800F9BFAB /* FriendCell.swift in Sources */ = {isa = PBXBuildFile; fileRef = 3151A363254C5FC800F9BFAB /* FriendCell.swift */; };
		3151A369254C600900F9BFAB /* User.swift in Sources */ = {isa = PBXBuildFile; fileRef = 3151A368254C600900F9BFAB /* User.swift */; };
		3151A36C254C60C200F9BFAB /* Group.swift in Sources */ = {isa = PBXBuildFile; fileRef = 3151A36B254C60C200F9BFAB /* Group.swift */; };
		3153ED6B259D08A60092F7F1 /* Alamofire in Frameworks */ = {isa = PBXBuildFile; productRef = 3153ED6A259D08A60092F7F1 /* Alamofire */; };
		3158898D25C831B70033E70E /* PlaceholderLabel.swift in Sources */ = {isa = PBXBuildFile; fileRef = 3158898C25C831B70033E70E /* PlaceholderLabel.swift */; };
		31592D1D25C5C7EB00B385A1 /* ProfileHeaderView.swift in Sources */ = {isa = PBXBuildFile; fileRef = 31592D1C25C5C7EB00B385A1 /* ProfileHeaderView.swift */; };
		315CABCC25D12E5C004AC13C /* PostCell.swift in Sources */ = {isa = PBXBuildFile; fileRef = 315CABCA25D12E5C004AC13C /* PostCell.swift */; };
		315CABCD25D12E5C004AC13C /* PostCell.xib in Resources */ = {isa = PBXBuildFile; fileRef = 315CABCB25D12E5C004AC13C /* PostCell.xib */; };
		315FF5A32548B9DE0054C539 /* GroupsVC.swift in Sources */ = {isa = PBXBuildFile; fileRef = 315FF5A22548B9DE0054C539 /* GroupsVC.swift */; };
		315FF5A62548B9F90054C539 /* SearchVC.swift in Sources */ = {isa = PBXBuildFile; fileRef = 315FF5A52548B9F90054C539 /* SearchVC.swift */; };
		3160769925D0608C00695C0F /* NewsVC.swift in Sources */ = {isa = PBXBuildFile; fileRef = 3160769825D0608C00695C0F /* NewsVC.swift */; };
		31610D3A259D0A55002A82B6 /* Realm in Frameworks */ = {isa = PBXBuildFile; productRef = 31610D39259D0A55002A82B6 /* Realm */; };
		31610D3C259D0A55002A82B6 /* RealmSwift in Frameworks */ = {isa = PBXBuildFile; productRef = 31610D3B259D0A55002A82B6 /* RealmSwift */; };
		3166577625B20259006D7E53 /* Constants.swift in Sources */ = {isa = PBXBuildFile; fileRef = 3166577525B20259006D7E53 /* Constants.swift */; };
		316B739625D1374A00AC2300 /* PostTextView.swift in Sources */ = {isa = PBXBuildFile; fileRef = 316B739525D1374A00AC2300 /* PostTextView.swift */; };
		316D017925C84A8000B219B5 /* SecondaryPlaceholderLabel.swift in Sources */ = {isa = PBXBuildFile; fileRef = 316D017825C84A8000B219B5 /* SecondaryPlaceholderLabel.swift */; };
		317EF764258B555200BF786D /* SessionManager.swift in Sources */ = {isa = PBXBuildFile; fileRef = 317EF763258B555200BF786D /* SessionManager.swift */; };
		3182B37C25438B1000E3E710 /* AppDelegate.swift in Sources */ = {isa = PBXBuildFile; fileRef = 3182B37B25438B1000E3E710 /* AppDelegate.swift */; };
		3182B38325438B1000E3E710 /* Main.storyboard in Resources */ = {isa = PBXBuildFile; fileRef = 3182B38125438B1000E3E710 /* Main.storyboard */; };
		3182B38525438B1100E3E710 /* Assets.xcassets in Resources */ = {isa = PBXBuildFile; fileRef = 3182B38425438B1100E3E710 /* Assets.xcassets */; };
		318716A1255ABBD300F4AD0C /* ShadowedImageView.swift in Sources */ = {isa = PBXBuildFile; fileRef = 318716A0255ABBD300F4AD0C /* ShadowedImageView.swift */; };
		318A6B3625750CC900C6FA73 /* Localizable.strings in Resources */ = {isa = PBXBuildFile; fileRef = 318A6B3825750CC900C6FA73 /* Localizable.strings */; };
		319207AD2558801F00DA039B /* LaunchScreen.storyboard in Resources */ = {isa = PBXBuildFile; fileRef = 319207AC2558801F00DA039B /* LaunchScreen.storyboard */; };
		3193AD4A256011B000F39D6F /* BlurView.swift in Sources */ = {isa = PBXBuildFile; fileRef = 3193AD49256011B000F39D6F /* BlurView.swift */; };
		3193C85825D3DEE700290223 /* AsyncOperation.swift in Sources */ = {isa = PBXBuildFile; fileRef = 3193C85725D3DEE700290223 /* AsyncOperation.swift */; };
		3193C85C25D3E85F00290223 /* ImageLoadOperation.swift in Sources */ = {isa = PBXBuildFile; fileRef = 3193C85B25D3E85F00290223 /* ImageLoadOperation.swift */; };
		31943DE725D33080007FF7F3 /* ProfileVC.swift in Sources */ = {isa = PBXBuildFile; fileRef = 31943DE625D33080007FF7F3 /* ProfileVC.swift */; };
		31A3517225B242E700CCC70F /* URLBuilder.swift in Sources */ = {isa = PBXBuildFile; fileRef = 31A3517125B242E700CCC70F /* URLBuilder.swift */; };
		31A72DEC2554199C006B664D /* AlphabetPicker.swift in Sources */ = {isa = PBXBuildFile; fileRef = 31A72DEB2554199C006B664D /* AlphabetPicker.swift */; };
		31AA53BE2567F01000C9FB27 /* PhotosVC.swift in Sources */ = {isa = PBXBuildFile; fileRef = 31AA53BD2567F01000C9FB27 /* PhotosVC.swift */; };
		31B2D72525B851BF0059D1DF /* RealmSwift+Ext.swift in Sources */ = {isa = PBXBuildFile; fileRef = 31B2D72425B851BF0059D1DF /* RealmSwift+Ext.swift */; };
		31B554972591FF53007A4891 /* Post.swift in Sources */ = {isa = PBXBuildFile; fileRef = 31B554962591FF53007A4891 /* Post.swift */; };
		31B7A1F925587A30007F4465 /* UserDefault.swift in Sources */ = {isa = PBXBuildFile; fileRef = 31B7A1F825587A30007F4465 /* UserDefault.swift */; };
		31BD2D90258E5B14002A71E3 /* LoginVC.swift in Sources */ = {isa = PBXBuildFile; fileRef = 31BD2D8F258E5B14002A71E3 /* LoginVC.swift */; };
		31BF7BA12563F863003A07C0 /* LoadingView.swift in Sources */ = {isa = PBXBuildFile; fileRef = 31BF7BA02563F863003A07C0 /* LoadingView.swift */; };
		31CBF0C2256ACBD00041CC26 /* _PushAnimator.swift in Sources */ = {isa = PBXBuildFile; fileRef = 31CBF0C1256ACBD00041CC26 /* _PushAnimator.swift */; };
		31CBF0C6256ACF380041CC26 /* _PopAnimator.swift in Sources */ = {isa = PBXBuildFile; fileRef = 31CBF0C5256ACF380041CC26 /* _PopAnimator.swift */; };
		31CBF0C9256AD18F0041CC26 /* _NavigationController.swift in Sources */ = {isa = PBXBuildFile; fileRef = 31CBF0C8256AD18F0041CC26 /* _NavigationController.swift */; };
		31E87842254C90220014430E /* GroupCell.swift in Sources */ = {isa = PBXBuildFile; fileRef = 31E87841254C90220014430E /* GroupCell.swift */; };
		31E90192254C7B77009576EB /* PhotoCell.swift in Sources */ = {isa = PBXBuildFile; fileRef = 31E90191254C7B77009576EB /* PhotoCell.swift */; };
		31FC97E7256041190038AE21 /* Photo.swift in Sources */ = {isa = PBXBuildFile; fileRef = 31FC97E6256041190038AE21 /* Photo.swift */; };
		31FEB12C25D8FAD90012556E /* PrepareFriendsVC.swift in Sources */ = {isa = PBXBuildFile; fileRef = 31FEB12B25D8FAD90012556E /* PrepareFriendsVC.swift */; };
/* End PBXBuildFile section */

/* Begin PBXFileReference section */
		3101C18F25C561D90037B0A6 /* PostsVC.swift */ = {isa = PBXFileReference; lastKnownFileType = sourcecode.swift; path = PostsVC.swift; sourceTree = "<group>"; };
		3107828B25BB716300FFBD7F /* Formatters.swift */ = {isa = PBXFileReference; lastKnownFileType = sourcecode.swift; path = Formatters.swift; sourceTree = "<group>"; };
		310E853125603BB20014C5EF /* MyProfileVC.swift */ = {isa = PBXFileReference; lastKnownFileType = sourcecode.swift; path = MyProfileVC.swift; sourceTree = "<group>"; };
		3122CDC02556DE8C00253485 /* RootTabBarController.swift */ = {isa = PBXFileReference; lastKnownFileType = sourcecode.swift; path = RootTabBarController.swift; sourceTree = "<group>"; };
		3122CDC92556E14B00253485 /* PersistenceManager.swift */ = {isa = PBXFileReference; lastKnownFileType = sourcecode.swift; path = PersistenceManager.swift; sourceTree = "<group>"; };
		3129C700258E29320050DEDD /* NetworkManager.swift */ = {isa = PBXFileReference; lastKnownFileType = sourcecode.swift; path = NetworkManager.swift; sourceTree = "<group>"; };
		312AE5552550CF4F00B97164 /* FriendsVC.swift */ = {isa = PBXFileReference; lastKnownFileType = sourcecode.swift; path = FriendsVC.swift; sourceTree = "<group>"; };
		312CAA2225D7B541009FDB44 /* GetNewsfeedOp.swift */ = {isa = PBXFileReference; lastKnownFileType = sourcecode.swift; path = GetNewsfeedOp.swift; sourceTree = "<group>"; };
		3133EFB525540C9400B85844 /* LikeButton.swift */ = {isa = PBXFileReference; lastKnownFileType = sourcecode.swift; path = LikeButton.swift; sourceTree = "<group>"; };
		314227872595EB8800E4829C /* MyImageView.swift */ = {isa = PBXFileReference; lastKnownFileType = sourcecode.swift; path = MyImageView.swift; sourceTree = "<group>"; };
		3149C004255AE3E400212299 /* GradientView.swift */ = {isa = PBXFileReference; lastKnownFileType = sourcecode.swift; path = GradientView.swift; sourceTree = "<group>"; };
		314FBDB325729E8800DA5E57 /* UIKit+Ext.swift */ = {isa = PBXFileReference; fileEncoding = 4; lastKnownFileType = sourcecode.swift; path = "UIKit+Ext.swift"; sourceTree = "<group>"; };
		314FBDB425729E8800DA5E57 /* Swift+Ext.swift */ = {isa = PBXFileReference; fileEncoding = 4; lastKnownFileType = sourcecode.swift; path = "Swift+Ext.swift"; sourceTree = "<group>"; };
		3151A363254C5FC800F9BFAB /* FriendCell.swift */ = {isa = PBXFileReference; lastKnownFileType = sourcecode.swift; path = FriendCell.swift; sourceTree = "<group>"; };
		3151A368254C600900F9BFAB /* User.swift */ = {isa = PBXFileReference; lastKnownFileType = sourcecode.swift; path = User.swift; sourceTree = "<group>"; };
		3151A36B254C60C200F9BFAB /* Group.swift */ = {isa = PBXFileReference; lastKnownFileType = sourcecode.swift; path = Group.swift; sourceTree = "<group>"; };
		3158898C25C831B70033E70E /* PlaceholderLabel.swift */ = {isa = PBXFileReference; lastKnownFileType = sourcecode.swift; path = PlaceholderLabel.swift; sourceTree = "<group>"; };
		31592D1C25C5C7EB00B385A1 /* ProfileHeaderView.swift */ = {isa = PBXFileReference; lastKnownFileType = sourcecode.swift; path = ProfileHeaderView.swift; sourceTree = "<group>"; };
		315CABCA25D12E5C004AC13C /* PostCell.swift */ = {isa = PBXFileReference; lastKnownFileType = sourcecode.swift; path = PostCell.swift; sourceTree = "<group>"; };
		315CABCB25D12E5C004AC13C /* PostCell.xib */ = {isa = PBXFileReference; lastKnownFileType = file.xib; path = PostCell.xib; sourceTree = "<group>"; };
		315FF5A22548B9DE0054C539 /* GroupsVC.swift */ = {isa = PBXFileReference; lastKnownFileType = sourcecode.swift; path = GroupsVC.swift; sourceTree = "<group>"; };
		315FF5A52548B9F90054C539 /* SearchVC.swift */ = {isa = PBXFileReference; lastKnownFileType = sourcecode.swift; path = SearchVC.swift; sourceTree = "<group>"; };
		3160769825D0608C00695C0F /* NewsVC.swift */ = {isa = PBXFileReference; lastKnownFileType = sourcecode.swift; path = NewsVC.swift; sourceTree = "<group>"; };
		3166577525B20259006D7E53 /* Constants.swift */ = {isa = PBXFileReference; lastKnownFileType = sourcecode.swift; path = Constants.swift; sourceTree = "<group>"; };
		316B739525D1374A00AC2300 /* PostTextView.swift */ = {isa = PBXFileReference; lastKnownFileType = sourcecode.swift; path = PostTextView.swift; sourceTree = "<group>"; };
		316D017825C84A8000B219B5 /* SecondaryPlaceholderLabel.swift */ = {isa = PBXFileReference; lastKnownFileType = sourcecode.swift; path = SecondaryPlaceholderLabel.swift; sourceTree = "<group>"; };
		317EF763258B555200BF786D /* SessionManager.swift */ = {isa = PBXFileReference; lastKnownFileType = sourcecode.swift; path = SessionManager.swift; sourceTree = "<group>"; };
		3182B37825438B1000E3E710 /* MyVK.app */ = {isa = PBXFileReference; explicitFileType = wrapper.application; includeInIndex = 0; path = MyVK.app; sourceTree = BUILT_PRODUCTS_DIR; };
		3182B37B25438B1000E3E710 /* AppDelegate.swift */ = {isa = PBXFileReference; lastKnownFileType = sourcecode.swift; path = AppDelegate.swift; sourceTree = "<group>"; };
		3182B38425438B1100E3E710 /* Assets.xcassets */ = {isa = PBXFileReference; lastKnownFileType = folder.assetcatalog; path = Assets.xcassets; sourceTree = "<group>"; };
		3182B38925438B1100E3E710 /* Info.plist */ = {isa = PBXFileReference; lastKnownFileType = text.plist.xml; path = Info.plist; sourceTree = "<group>"; };
		318716A0255ABBD300F4AD0C /* ShadowedImageView.swift */ = {isa = PBXFileReference; lastKnownFileType = sourcecode.swift; path = ShadowedImageView.swift; sourceTree = "<group>"; };
		318A6B202574FDCD00C6FA73 /* Base */ = {isa = PBXFileReference; lastKnownFileType = file.storyboard; name = Base; path = Base.lproj/Main.storyboard; sourceTree = "<group>"; };
		318A6B3725750CC900C6FA73 /* en */ = {isa = PBXFileReference; lastKnownFileType = text.plist.strings; name = en; path = en.lproj/Localizable.strings; sourceTree = "<group>"; };
		319207AC2558801F00DA039B /* LaunchScreen.storyboard */ = {isa = PBXFileReference; fileEncoding = 4; lastKnownFileType = file.storyboard; path = LaunchScreen.storyboard; sourceTree = "<group>"; };
		3193AD49256011B000F39D6F /* BlurView.swift */ = {isa = PBXFileReference; lastKnownFileType = sourcecode.swift; path = BlurView.swift; sourceTree = "<group>"; };
		3193C85725D3DEE700290223 /* AsyncOperation.swift */ = {isa = PBXFileReference; lastKnownFileType = sourcecode.swift; path = AsyncOperation.swift; sourceTree = "<group>"; };
		3193C85B25D3E85F00290223 /* ImageLoadOperation.swift */ = {isa = PBXFileReference; lastKnownFileType = sourcecode.swift; path = ImageLoadOperation.swift; sourceTree = "<group>"; };
		31943DE625D33080007FF7F3 /* ProfileVC.swift */ = {isa = PBXFileReference; lastKnownFileType = sourcecode.swift; path = ProfileVC.swift; sourceTree = "<group>"; };
		31A3517125B242E700CCC70F /* URLBuilder.swift */ = {isa = PBXFileReference; lastKnownFileType = sourcecode.swift; path = URLBuilder.swift; sourceTree = "<group>"; };
		31A72DEB2554199C006B664D /* AlphabetPicker.swift */ = {isa = PBXFileReference; lastKnownFileType = sourcecode.swift; path = AlphabetPicker.swift; sourceTree = "<group>"; };
		31AA53BD2567F01000C9FB27 /* PhotosVC.swift */ = {isa = PBXFileReference; lastKnownFileType = sourcecode.swift; path = PhotosVC.swift; sourceTree = "<group>"; };
		31AA6DD525D6712600114DAF /* en */ = {isa = PBXFileReference; lastKnownFileType = text.plist.strings; name = en; path = en.lproj/Main.strings; sourceTree = "<group>"; };
		31B2D72425B851BF0059D1DF /* RealmSwift+Ext.swift */ = {isa = PBXFileReference; lastKnownFileType = sourcecode.swift; path = "RealmSwift+Ext.swift"; sourceTree = "<group>"; };
		31B554962591FF53007A4891 /* Post.swift */ = {isa = PBXFileReference; lastKnownFileType = sourcecode.swift; path = Post.swift; sourceTree = "<group>"; };
		31B7A1F825587A30007F4465 /* UserDefault.swift */ = {isa = PBXFileReference; lastKnownFileType = sourcecode.swift; path = UserDefault.swift; sourceTree = "<group>"; };
		31BD2D8F258E5B14002A71E3 /* LoginVC.swift */ = {isa = PBXFileReference; lastKnownFileType = sourcecode.swift; path = LoginVC.swift; sourceTree = "<group>"; };
		31BF7BA02563F863003A07C0 /* LoadingView.swift */ = {isa = PBXFileReference; lastKnownFileType = sourcecode.swift; path = LoadingView.swift; sourceTree = "<group>"; };
		31CBF0C1256ACBD00041CC26 /* _PushAnimator.swift */ = {isa = PBXFileReference; lastKnownFileType = sourcecode.swift; path = _PushAnimator.swift; sourceTree = "<group>"; };
		31CBF0C5256ACF380041CC26 /* _PopAnimator.swift */ = {isa = PBXFileReference; lastKnownFileType = sourcecode.swift; path = _PopAnimator.swift; sourceTree = "<group>"; };
		31CBF0C8256AD18F0041CC26 /* _NavigationController.swift */ = {isa = PBXFileReference; lastKnownFileType = sourcecode.swift; path = _NavigationController.swift; sourceTree = "<group>"; };
		31E87841254C90220014430E /* GroupCell.swift */ = {isa = PBXFileReference; lastKnownFileType = sourcecode.swift; path = GroupCell.swift; sourceTree = "<group>"; };
		31E90191254C7B77009576EB /* PhotoCell.swift */ = {isa = PBXFileReference; lastKnownFileType = sourcecode.swift; path = PhotoCell.swift; sourceTree = "<group>"; };
		31FC97E6256041190038AE21 /* Photo.swift */ = {isa = PBXFileReference; lastKnownFileType = sourcecode.swift; path = Photo.swift; sourceTree = "<group>"; };
		31FEB12B25D8FAD90012556E /* PrepareFriendsVC.swift */ = {isa = PBXFileReference; lastKnownFileType = sourcecode.swift; path = PrepareFriendsVC.swift; sourceTree = "<group>"; };
/* End PBXFileReference section */

/* Begin PBXFrameworksBuildPhase section */
		3182B37525438B1000E3E710 /* Frameworks */ = {
			isa = PBXFrameworksBuildPhase;
			buildActionMask = 2147483647;
			files = (
				31610D3C259D0A55002A82B6 /* RealmSwift in Frameworks */,
				31610D3A259D0A55002A82B6 /* Realm in Frameworks */,
				3153ED6B259D08A60092F7F1 /* Alamofire in Frameworks */,
			);
			runOnlyForDeploymentPostprocessing = 0;
		};
/* End PBXFrameworksBuildPhase section */

/* Begin PBXGroup section */
		311BA3E9255884D800221C69 /* ImageViews */ = {
			isa = PBXGroup;
			children = (
				314227872595EB8800E4829C /* MyImageView.swift */,
				318716A0255ABBD300F4AD0C /* ShadowedImageView.swift */,
			);
			path = ImageViews;
			sourceTree = "<group>";
		};
		3122CDC52556E08400253485 /* Managers */ = {
			isa = PBXGroup;
			children = (
				317EF763258B555200BF786D /* SessionManager.swift */,
				3129C700258E29320050DEDD /* NetworkManager.swift */,
				3122CDC92556E14B00253485 /* PersistenceManager.swift */,
				31A3517125B242E700CCC70F /* URLBuilder.swift */,
			);
			path = Managers;
			sourceTree = "<group>";
		};
		314FBDB225729E6B00DA5E57 /* Extensions */ = {
			isa = PBXGroup;
			children = (
				314FBDB425729E8800DA5E57 /* Swift+Ext.swift */,
				314FBDB325729E8800DA5E57 /* UIKit+Ext.swift */,
				31B2D72425B851BF0059D1DF /* RealmSwift+Ext.swift */,
			);
			path = Extensions;
			sourceTree = "<group>";
		};
		3151A362254C5F8B00F9BFAB /* Cells */ = {
			isa = PBXGroup;
			children = (
				3151A363254C5FC800F9BFAB /* FriendCell.swift */,
				31E87841254C90220014430E /* GroupCell.swift */,
				31E90191254C7B77009576EB /* PhotoCell.swift */,
				315CABCA25D12E5C004AC13C /* PostCell.swift */,
				315CABCB25D12E5C004AC13C /* PostCell.xib */,
			);
			path = Cells;
			sourceTree = "<group>";
		};
		3158898A25C831910033E70E /* Labels */ = {
			isa = PBXGroup;
			children = (
				3158898C25C831B70033E70E /* PlaceholderLabel.swift */,
				316D017825C84A8000B219B5 /* SecondaryPlaceholderLabel.swift */,
			);
			path = Labels;
			sourceTree = "<group>";
		};
		315FF5952548B60C0054C539 /* Screens */ = {
			isa = PBXGroup;
			children = (
				31BD2D8F258E5B14002A71E3 /* LoginVC.swift */,
				3160769825D0608C00695C0F /* NewsVC.swift */,
				312AE5552550CF4F00B97164 /* FriendsVC.swift */,
				315FF5A22548B9DE0054C539 /* GroupsVC.swift */,
				31AA53BD2567F01000C9FB27 /* PhotosVC.swift */,
				315FF5A52548B9F90054C539 /* SearchVC.swift */,
				3101C18F25C561D90037B0A6 /* PostsVC.swift */,
				31943DE625D33080007FF7F3 /* ProfileVC.swift */,
				310E853125603BB20014C5EF /* MyProfileVC.swift */,
			);
			path = Screens;
			sourceTree = "<group>";
		};
		315FF5962548B61E0054C539 /* Views */ = {
			isa = PBXGroup;
			children = (
				31C9A6CC2563D97700619276 /* Buttons */,
				318364EE2555AA4800B78F19 /* Controls */,
				311BA3E9255884D800221C69 /* ImageViews */,
				3158898A25C831910033E70E /* Labels */,
				316B739425D1372400AC2300 /* TextViews */,
				31CBF0C0256ACBA10041CC26 /* Transitions */,
				3193AD49256011B000F39D6F /* BlurView.swift */,
				3149C004255AE3E400212299 /* GradientView.swift */,
				31BF7BA02563F863003A07C0 /* LoadingView.swift */,
				31592D1C25C5C7EB00B385A1 /* ProfileHeaderView.swift */,
			);
			path = Views;
			sourceTree = "<group>";
		};
		315FF59B2548B81B0054C539 /* Model */ = {
			isa = PBXGroup;
			children = (
				3151A368254C600900F9BFAB /* User.swift */,
				3151A36B254C60C200F9BFAB /* Group.swift */,
				31FC97E6256041190038AE21 /* Photo.swift */,
				31B554962591FF53007A4891 /* Post.swift */,
			);
			path = Model;
			sourceTree = "<group>";
		};
		3166577425B2023A006D7E53 /* Utilities */ = {
			isa = PBXGroup;
			children = (
				3166577525B20259006D7E53 /* Constants.swift */,
				3107828B25BB716300FFBD7F /* Formatters.swift */,
				31B7A1F825587A30007F4465 /* UserDefault.swift */,
			);
			path = Utilities;
			sourceTree = "<group>";
		};
		316B739425D1372400AC2300 /* TextViews */ = {
			isa = PBXGroup;
			children = (
				316B739525D1374A00AC2300 /* PostTextView.swift */,
			);
			path = TextViews;
			sourceTree = "<group>";
		};
		31710BF72550C53100C6027A /* Support */ = {
			isa = PBXGroup;
			children = (
				3182B37B25438B1000E3E710 /* AppDelegate.swift */,
				319207AC2558801F00DA039B /* LaunchScreen.storyboard */,
				318A6B3825750CC900C6FA73 /* Localizable.strings */,
				3182B38425438B1100E3E710 /* Assets.xcassets */,
				3182B38925438B1100E3E710 /* Info.plist */,
			);
			path = Support;
			sourceTree = "<group>";
		};
		3182B36F25438B1000E3E710 = {
			isa = PBXGroup;
			children = (
				3182B37A25438B1000E3E710 /* MyVK */,
				3182B37925438B1000E3E710 /* Products */,
			);
			sourceTree = "<group>";
		};
		3182B37925438B1000E3E710 /* Products */ = {
			isa = PBXGroup;
			children = (
				3182B37825438B1000E3E710 /* MyVK.app */,
			);
			name = Products;
			sourceTree = "<group>";
		};
		3182B37A25438B1000E3E710 /* MyVK */ = {
			isa = PBXGroup;
			children = (
				3182B38125438B1000E3E710 /* Main.storyboard */,
				3166577425B2023A006D7E53 /* Utilities */,
				314FBDB225729E6B00DA5E57 /* Extensions */,
				3193C85625D3DEC500290223 /* Operations */,
				3122CDC52556E08400253485 /* Managers */,
				315FF59B2548B81B0054C539 /* Model */,
				3151A362254C5F8B00F9BFAB /* Cells */,
				315FF5962548B61E0054C539 /* Views */,
				315FF5952548B60C0054C539 /* Screens */,
				31710BF72550C53100C6027A /* Support */,
			);
			path = MyVK;
			sourceTree = "<group>";
		};
		318364EE2555AA4800B78F19 /* Controls */ = {
			isa = PBXGroup;
			children = (
				31A72DEB2554199C006B664D /* AlphabetPicker.swift */,
			);
			path = Controls;
			sourceTree = "<group>";
		};
		3193C85625D3DEC500290223 /* Operations */ = {
			isa = PBXGroup;
			children = (
				3193C85725D3DEE700290223 /* AsyncOperation.swift */,
				3193C85B25D3E85F00290223 /* ImageLoadOperation.swift */,
				312CAA2225D7B541009FDB44 /* GetNewsfeedOp.swift */,
				31FEB12B25D8FAD90012556E /* PrepareFriendsVC.swift */,
			);
			path = Operations;
			sourceTree = "<group>";
		};
		31C9A6CC2563D97700619276 /* Buttons */ = {
			isa = PBXGroup;
			children = (
				3133EFB525540C9400B85844 /* LikeButton.swift */,
			);
			path = Buttons;
			sourceTree = "<group>";
		};
		31CBF0C0256ACBA10041CC26 /* Transitions */ = {
			isa = PBXGroup;
			children = (
				3122CDC02556DE8C00253485 /* RootTabBarController.swift */,
				31CBF0C8256AD18F0041CC26 /* _NavigationController.swift */,
				31CBF0C1256ACBD00041CC26 /* _PushAnimator.swift */,
				31CBF0C5256ACF380041CC26 /* _PopAnimator.swift */,
			);
			path = Transitions;
			sourceTree = "<group>";
		};
/* End PBXGroup section */

/* Begin PBXNativeTarget section */
		3182B37725438B1000E3E710 /* MyVK */ = {
			isa = PBXNativeTarget;
			buildConfigurationList = 3182B38C25438B1100E3E710 /* Build configuration list for PBXNativeTarget "MyVK" */;
			buildPhases = (
				3182B37425438B1000E3E710 /* Sources */,
				3182B37525438B1000E3E710 /* Frameworks */,
				3182B37625438B1000E3E710 /* Resources */,
			);
			buildRules = (
			);
			dependencies = (
			);
			name = MyVK;
			packageProductDependencies = (
				3153ED6A259D08A60092F7F1 /* Alamofire */,
				31610D39259D0A55002A82B6 /* Realm */,
				31610D3B259D0A55002A82B6 /* RealmSwift */,
			);
			productName = MyVK;
			productReference = 3182B37825438B1000E3E710 /* MyVK.app */;
			productType = "com.apple.product-type.application";
		};
/* End PBXNativeTarget section */

/* Begin PBXProject section */
		3182B37025438B1000E3E710 /* Project object */ = {
			isa = PBXProject;
			attributes = {
				LastSwiftUpdateCheck = 1220;
				LastUpgradeCheck = 1220;
				TargetAttributes = {
					3182B37725438B1000E3E710 = {
						CreatedOnToolsVersion = 12.2;
					};
				};
			};
			buildConfigurationList = 3182B37325438B1000E3E710 /* Build configuration list for PBXProject "MyVK" */;
			compatibilityVersion = "Xcode 9.3";
			developmentRegion = ru;
			hasScannedForEncodings = 0;
			knownRegions = (
				ru,
				Base,
				en,
			);
			mainGroup = 3182B36F25438B1000E3E710;
			packageReferences = (
				3153ED69259D08A60092F7F1 /* XCRemoteSwiftPackageReference "Alamofire" */,
				31610D38259D0A55002A82B6 /* XCRemoteSwiftPackageReference "realm-cocoa" */,
			);
			productRefGroup = 3182B37925438B1000E3E710 /* Products */;
			projectDirPath = "";
			projectRoot = "";
			targets = (
				3182B37725438B1000E3E710 /* MyVK */,
			);
		};
/* End PBXProject section */

/* Begin PBXResourcesBuildPhase section */
		3182B37625438B1000E3E710 /* Resources */ = {
			isa = PBXResourcesBuildPhase;
			buildActionMask = 2147483647;
			files = (
				319207AD2558801F00DA039B /* LaunchScreen.storyboard in Resources */,
				318A6B3625750CC900C6FA73 /* Localizable.strings in Resources */,
				315CABCD25D12E5C004AC13C /* PostCell.xib in Resources */,
				3182B38525438B1100E3E710 /* Assets.xcassets in Resources */,
				3182B38325438B1000E3E710 /* Main.storyboard in Resources */,
			);
			runOnlyForDeploymentPostprocessing = 0;
		};
/* End PBXResourcesBuildPhase section */

/* Begin PBXSourcesBuildPhase section */
		3182B37425438B1000E3E710 /* Sources */ = {
			isa = PBXSourcesBuildPhase;
			buildActionMask = 2147483647;
			files = (
				315FF5A62548B9F90054C539 /* SearchVC.swift in Sources */,
				31CBF0C6256ACF380041CC26 /* _PopAnimator.swift in Sources */,
				3151A36C254C60C200F9BFAB /* Group.swift in Sources */,
				31CBF0C2256ACBD00041CC26 /* _PushAnimator.swift in Sources */,
				312CAA2325D7B541009FDB44 /* GetNewsfeedOp.swift in Sources */,
				31B2D72525B851BF0059D1DF /* RealmSwift+Ext.swift in Sources */,
				31A72DEC2554199C006B664D /* AlphabetPicker.swift in Sources */,
				3107828C25BB716300FFBD7F /* Formatters.swift in Sources */,
				3182B37C25438B1000E3E710 /* AppDelegate.swift in Sources */,
				310E853225603BB20014C5EF /* MyProfileVC.swift in Sources */,
				31B7A1F925587A30007F4465 /* UserDefault.swift in Sources */,
				3151A364254C5FC800F9BFAB /* FriendCell.swift in Sources */,
				31A3517225B242E700CCC70F /* URLBuilder.swift in Sources */,
				3193C85C25D3E85F00290223 /* ImageLoadOperation.swift in Sources */,
				3158898D25C831B70033E70E /* PlaceholderLabel.swift in Sources */,
				31BD2D90258E5B14002A71E3 /* LoginVC.swift in Sources */,
				314FBDB625729E8800DA5E57 /* Swift+Ext.swift in Sources */,
				314FBDB525729E8800DA5E57 /* UIKit+Ext.swift in Sources */,
				318716A1255ABBD300F4AD0C /* ShadowedImageView.swift in Sources */,
				315CABCC25D12E5C004AC13C /* PostCell.swift in Sources */,
				31BF7BA12563F863003A07C0 /* LoadingView.swift in Sources */,
				31943DE725D33080007FF7F3 /* ProfileVC.swift in Sources */,
				31FEB12C25D8FAD90012556E /* PrepareFriendsVC.swift in Sources */,
				3122CDC12556DE8C00253485 /* RootTabBarController.swift in Sources */,
				31592D1D25C5C7EB00B385A1 /* ProfileHeaderView.swift in Sources */,
				316B739625D1374A00AC2300 /* PostTextView.swift in Sources */,
				3129C701258E29320050DEDD /* NetworkManager.swift in Sources */,
				3193AD4A256011B000F39D6F /* BlurView.swift in Sources */,
				3160769925D0608C00695C0F /* NewsVC.swift in Sources */,
				3101C19025C561D90037B0A6 /* PostsVC.swift in Sources */,
				314227882595EB8800E4829C /* MyImageView.swift in Sources */,
				317EF764258B555200BF786D /* SessionManager.swift in Sources */,
				3151A369254C600900F9BFAB /* User.swift in Sources */,
				31B554972591FF53007A4891 /* Post.swift in Sources */,
				31CBF0C9256AD18F0041CC26 /* _NavigationController.swift in Sources */,
				31AA53BE2567F01000C9FB27 /* PhotosVC.swift in Sources */,
				31E87842254C90220014430E /* GroupCell.swift in Sources */,
				3193C85825D3DEE700290223 /* AsyncOperation.swift in Sources */,
				316D017925C84A8000B219B5 /* SecondaryPlaceholderLabel.swift in Sources */,
				3149C005255AE3E400212299 /* GradientView.swift in Sources */,
				3133EFB625540C9400B85844 /* LikeButton.swift in Sources */,
				315FF5A32548B9DE0054C539 /* GroupsVC.swift in Sources */,
				3122CDCA2556E14B00253485 /* PersistenceManager.swift in Sources */,
				31E90192254C7B77009576EB /* PhotoCell.swift in Sources */,
				31FC97E7256041190038AE21 /* Photo.swift in Sources */,
				312AE5562550CF4F00B97164 /* FriendsVC.swift in Sources */,
				3166577625B20259006D7E53 /* Constants.swift in Sources */,
			);
			runOnlyForDeploymentPostprocessing = 0;
		};
/* End PBXSourcesBuildPhase section */

/* Begin PBXVariantGroup section */
		3182B38125438B1000E3E710 /* Main.storyboard */ = {
			isa = PBXVariantGroup;
			children = (
				318A6B202574FDCD00C6FA73 /* Base */,
				31AA6DD525D6712600114DAF /* en */,
			);
			name = Main.storyboard;
			sourceTree = "<group>";
		};
		318A6B3825750CC900C6FA73 /* Localizable.strings */ = {
			isa = PBXVariantGroup;
			children = (
				318A6B3725750CC900C6FA73 /* en */,
			);
			name = Localizable.strings;
			sourceTree = "<group>";
		};
/* End PBXVariantGroup section */

/* Begin XCBuildConfiguration section */
		3182B38A25438B1100E3E710 /* Debug */ = {
			isa = XCBuildConfiguration;
			buildSettings = {
				ALWAYS_SEARCH_USER_PATHS = NO;
				CLANG_ANALYZER_LOCALIZABILITY_NONLOCALIZED = YES;
				CLANG_ANALYZER_NONNULL = YES;
				CLANG_ANALYZER_NUMBER_OBJECT_CONVERSION = YES_AGGRESSIVE;
				CLANG_CXX_LANGUAGE_STANDARD = "gnu++14";
				CLANG_CXX_LIBRARY = "libc++";
				CLANG_ENABLE_MODULES = YES;
				CLANG_ENABLE_OBJC_ARC = YES;
				CLANG_ENABLE_OBJC_WEAK = YES;
				CLANG_WARN_BLOCK_CAPTURE_AUTORELEASING = YES;
				CLANG_WARN_BOOL_CONVERSION = YES;
				CLANG_WARN_COMMA = YES;
				CLANG_WARN_CONSTANT_CONVERSION = YES;
				CLANG_WARN_DEPRECATED_OBJC_IMPLEMENTATIONS = YES;
				CLANG_WARN_DIRECT_OBJC_ISA_USAGE = YES_ERROR;
				CLANG_WARN_DOCUMENTATION_COMMENTS = YES;
				CLANG_WARN_EMPTY_BODY = YES;
				CLANG_WARN_ENUM_CONVERSION = YES;
				CLANG_WARN_INFINITE_RECURSION = YES;
				CLANG_WARN_INT_CONVERSION = YES;
				CLANG_WARN_NON_LITERAL_NULL_CONVERSION = YES;
				CLANG_WARN_OBJC_IMPLICIT_RETAIN_SELF = YES;
				CLANG_WARN_OBJC_LITERAL_CONVERSION = YES;
				CLANG_WARN_OBJC_ROOT_CLASS = YES_ERROR;
				CLANG_WARN_QUOTED_INCLUDE_IN_FRAMEWORK_HEADER = YES;
				CLANG_WARN_RANGE_LOOP_ANALYSIS = YES;
				CLANG_WARN_STRICT_PROTOTYPES = YES;
				CLANG_WARN_SUSPICIOUS_MOVE = YES;
				CLANG_WARN_UNGUARDED_AVAILABILITY = YES_AGGRESSIVE;
				CLANG_WARN_UNREACHABLE_CODE = YES;
				CLANG_WARN__DUPLICATE_METHOD_MATCH = YES;
				COPY_PHASE_STRIP = NO;
				DEBUG_INFORMATION_FORMAT = dwarf;
				ENABLE_STRICT_OBJC_MSGSEND = YES;
				ENABLE_TESTABILITY = YES;
				GCC_C_LANGUAGE_STANDARD = gnu11;
				GCC_DYNAMIC_NO_PIC = NO;
				GCC_NO_COMMON_BLOCKS = YES;
				GCC_OPTIMIZATION_LEVEL = 0;
				GCC_PREPROCESSOR_DEFINITIONS = (
					"DEBUG=1",
					"$(inherited)",
				);
				GCC_WARN_64_TO_32_BIT_CONVERSION = YES;
				GCC_WARN_ABOUT_RETURN_TYPE = YES_ERROR;
				GCC_WARN_UNDECLARED_SELECTOR = YES;
				GCC_WARN_UNINITIALIZED_AUTOS = YES_AGGRESSIVE;
				GCC_WARN_UNUSED_FUNCTION = YES;
				GCC_WARN_UNUSED_VARIABLE = YES;
				IPHONEOS_DEPLOYMENT_TARGET = 14.0;
				MTL_ENABLE_DEBUG_INFO = INCLUDE_SOURCE;
				MTL_FAST_MATH = YES;
				ONLY_ACTIVE_ARCH = YES;
				SDKROOT = iphoneos;
				SWIFT_ACTIVE_COMPILATION_CONDITIONS = DEBUG;
				SWIFT_OPTIMIZATION_LEVEL = "-Onone";
			};
			name = Debug;
		};
		3182B38B25438B1100E3E710 /* Release */ = {
			isa = XCBuildConfiguration;
			buildSettings = {
				ALWAYS_SEARCH_USER_PATHS = NO;
				CLANG_ANALYZER_LOCALIZABILITY_NONLOCALIZED = YES;
				CLANG_ANALYZER_NONNULL = YES;
				CLANG_ANALYZER_NUMBER_OBJECT_CONVERSION = YES_AGGRESSIVE;
				CLANG_CXX_LANGUAGE_STANDARD = "gnu++14";
				CLANG_CXX_LIBRARY = "libc++";
				CLANG_ENABLE_MODULES = YES;
				CLANG_ENABLE_OBJC_ARC = YES;
				CLANG_ENABLE_OBJC_WEAK = YES;
				CLANG_WARN_BLOCK_CAPTURE_AUTORELEASING = YES;
				CLANG_WARN_BOOL_CONVERSION = YES;
				CLANG_WARN_COMMA = YES;
				CLANG_WARN_CONSTANT_CONVERSION = YES;
				CLANG_WARN_DEPRECATED_OBJC_IMPLEMENTATIONS = YES;
				CLANG_WARN_DIRECT_OBJC_ISA_USAGE = YES_ERROR;
				CLANG_WARN_DOCUMENTATION_COMMENTS = YES;
				CLANG_WARN_EMPTY_BODY = YES;
				CLANG_WARN_ENUM_CONVERSION = YES;
				CLANG_WARN_INFINITE_RECURSION = YES;
				CLANG_WARN_INT_CONVERSION = YES;
				CLANG_WARN_NON_LITERAL_NULL_CONVERSION = YES;
				CLANG_WARN_OBJC_IMPLICIT_RETAIN_SELF = YES;
				CLANG_WARN_OBJC_LITERAL_CONVERSION = YES;
				CLANG_WARN_OBJC_ROOT_CLASS = YES_ERROR;
				CLANG_WARN_QUOTED_INCLUDE_IN_FRAMEWORK_HEADER = YES;
				CLANG_WARN_RANGE_LOOP_ANALYSIS = YES;
				CLANG_WARN_STRICT_PROTOTYPES = YES;
				CLANG_WARN_SUSPICIOUS_MOVE = YES;
				CLANG_WARN_UNGUARDED_AVAILABILITY = YES_AGGRESSIVE;
				CLANG_WARN_UNREACHABLE_CODE = YES;
				CLANG_WARN__DUPLICATE_METHOD_MATCH = YES;
				COPY_PHASE_STRIP = NO;
				DEBUG_INFORMATION_FORMAT = "dwarf-with-dsym";
				ENABLE_NS_ASSERTIONS = NO;
				ENABLE_STRICT_OBJC_MSGSEND = YES;
				GCC_C_LANGUAGE_STANDARD = gnu11;
				GCC_NO_COMMON_BLOCKS = YES;
				GCC_WARN_64_TO_32_BIT_CONVERSION = YES;
				GCC_WARN_ABOUT_RETURN_TYPE = YES_ERROR;
				GCC_WARN_UNDECLARED_SELECTOR = YES;
				GCC_WARN_UNINITIALIZED_AUTOS = YES_AGGRESSIVE;
				GCC_WARN_UNUSED_FUNCTION = YES;
				GCC_WARN_UNUSED_VARIABLE = YES;
				IPHONEOS_DEPLOYMENT_TARGET = 14.0;
				MTL_ENABLE_DEBUG_INFO = NO;
				MTL_FAST_MATH = YES;
				SDKROOT = iphoneos;
				SWIFT_COMPILATION_MODE = wholemodule;
				SWIFT_OPTIMIZATION_LEVEL = "-O";
				VALIDATE_PRODUCT = YES;
			};
			name = Release;
		};
		3182B38D25438B1100E3E710 /* Debug */ = {
			isa = XCBuildConfiguration;
			buildSettings = {
				ASSETCATALOG_COMPILER_APPICON_NAME = AppIcon;
				ASSETCATALOG_COMPILER_GLOBAL_ACCENT_COLOR_NAME = AccentColor;
				CODE_SIGN_STYLE = Automatic;
				CURRENT_PROJECT_VERSION = 0.4.3;
				DEVELOPMENT_TEAM = FWZ425S5UY;
				INFOPLIST_FILE = MyVK/Support/Info.plist;
				IPHONEOS_DEPLOYMENT_TARGET = 14.0;
				LD_RUNPATH_SEARCH_PATHS = (
					"$(inherited)",
					"@executable_path/Frameworks",
				);
				MARKETING_VERSION = 0.4.3;
				PRODUCT_BUNDLE_IDENTIFIER = com.pgc6240.MyVK;
				PRODUCT_NAME = "$(TARGET_NAME)";
				SWIFT_VERSION = 5.0;
				TARGETED_DEVICE_FAMILY = 1;
			};
			name = Debug;
		};
		3182B38E25438B1100E3E710 /* Release */ = {
			isa = XCBuildConfiguration;
			buildSettings = {
				ASSETCATALOG_COMPILER_APPICON_NAME = AppIcon;
				ASSETCATALOG_COMPILER_GLOBAL_ACCENT_COLOR_NAME = AccentColor;
				CODE_SIGN_STYLE = Automatic;
				CURRENT_PROJECT_VERSION = 0.4.3;
				DEVELOPMENT_TEAM = FWZ425S5UY;
				INFOPLIST_FILE = MyVK/Support/Info.plist;
				IPHONEOS_DEPLOYMENT_TARGET = 14.0;
				LD_RUNPATH_SEARCH_PATHS = (
					"$(inherited)",
					"@executable_path/Frameworks",
				);
				MARKETING_VERSION = 0.4.3;
				PRODUCT_BUNDLE_IDENTIFIER = com.pgc6240.MyVK;
				PRODUCT_NAME = "$(TARGET_NAME)";
				SWIFT_VERSION = 5.0;
				TARGETED_DEVICE_FAMILY = 1;
			};
			name = Release;
		};
/* End XCBuildConfiguration section */

/* Begin XCConfigurationList section */
		3182B37325438B1000E3E710 /* Build configuration list for PBXProject "MyVK" */ = {
			isa = XCConfigurationList;
			buildConfigurations = (
				3182B38A25438B1100E3E710 /* Debug */,
				3182B38B25438B1100E3E710 /* Release */,
			);
			defaultConfigurationIsVisible = 0;
			defaultConfigurationName = Release;
		};
		3182B38C25438B1100E3E710 /* Build configuration list for PBXNativeTarget "MyVK" */ = {
			isa = XCConfigurationList;
			buildConfigurations = (
				3182B38D25438B1100E3E710 /* Debug */,
				3182B38E25438B1100E3E710 /* Release */,
			);
			defaultConfigurationIsVisible = 0;
			defaultConfigurationName = Release;
		};
/* End XCConfigurationList section */

/* Begin XCRemoteSwiftPackageReference section */
		3153ED69259D08A60092F7F1 /* XCRemoteSwiftPackageReference "Alamofire" */ = {
			isa = XCRemoteSwiftPackageReference;
			repositoryURL = "https://github.com/Alamofire/Alamofire.git";
			requirement = {
				kind = upToNextMajorVersion;
				minimumVersion = 5.4.1;
			};
		};
		31610D38259D0A55002A82B6 /* XCRemoteSwiftPackageReference "realm-cocoa" */ = {
			isa = XCRemoteSwiftPackageReference;
			repositoryURL = "https://github.com/realm/realm-cocoa.git";
			requirement = {
				kind = upToNextMajorVersion;
				minimumVersion = 10.5.0;
			};
		};
/* End XCRemoteSwiftPackageReference section */

/* Begin XCSwiftPackageProductDependency section */
		3153ED6A259D08A60092F7F1 /* Alamofire */ = {
			isa = XCSwiftPackageProductDependency;
			package = 3153ED69259D08A60092F7F1 /* XCRemoteSwiftPackageReference "Alamofire" */;
			productName = Alamofire;
		};
		31610D39259D0A55002A82B6 /* Realm */ = {
			isa = XCSwiftPackageProductDependency;
			package = 31610D38259D0A55002A82B6 /* XCRemoteSwiftPackageReference "realm-cocoa" */;
			productName = Realm;
		};
		31610D3B259D0A55002A82B6 /* RealmSwift */ = {
			isa = XCSwiftPackageProductDependency;
			package = 31610D38259D0A55002A82B6 /* XCRemoteSwiftPackageReference "realm-cocoa" */;
			productName = RealmSwift;
		};
/* End XCSwiftPackageProductDependency section */
	};
	rootObject = 3182B37025438B1000E3E710 /* Project object */;
}
